// !$*UTF8*$!
{
	archiveVersion = 1;
	classes = {
	};
	objectVersion = 46;
	objects = {

/* Begin PBXBuildFile section */
		FE593E821D6E8758006401A8 /* LoginVC.m in Sources */ = {isa = PBXBuildFile; fileRef = FE593E801D6E8758006401A8 /* LoginVC.m */; };
		FE593E891D6E9C40006401A8 /* libDevicexx.a in Frameworks */ = {isa = PBXBuildFile; fileRef = FE593E881D6E9C40006401A8 /* libDevicexx.a */; };
		FE593E8C1D6E9FEB006401A8 /* RegisterVC.m in Sources */ = {isa = PBXBuildFile; fileRef = FE593E8B1D6E9FEB006401A8 /* RegisterVC.m */; };
		FE593E9A1D6ECE68006401A8 /* MBProgressHUD+NJ.m in Sources */ = {isa = PBXBuildFile; fileRef = FE593E961D6ECE67006401A8 /* MBProgressHUD+NJ.m */; };
		FE593E9B1D6ECE68006401A8 /* MBProgressHUD.bundle in Resources */ = {isa = PBXBuildFile; fileRef = FE593E971D6ECE67006401A8 /* MBProgressHUD.bundle */; };
		FE593E9C1D6ECE68006401A8 /* MBProgressHUD.m in Sources */ = {isa = PBXBuildFile; fileRef = FE593E991D6ECE68006401A8 /* MBProgressHUD.m */; };
		FE593EB71D6EEB4F006401A8 /* NSObject+SBJson.m in Sources */ = {isa = PBXBuildFile; fileRef = FE593E9F1D6EEB4F006401A8 /* NSObject+SBJson.m */; };
		FE593EB81D6EEB4F006401A8 /* SBJsonParser.m in Sources */ = {isa = PBXBuildFile; fileRef = FE593EA21D6EEB4F006401A8 /* SBJsonParser.m */; };
		FE593EB91D6EEB4F006401A8 /* SBJsonStreamParser.m in Sources */ = {isa = PBXBuildFile; fileRef = FE593EA41D6EEB4F006401A8 /* SBJsonStreamParser.m */; };
		FE593EBA1D6EEB4F006401A8 /* SBJsonStreamParserAccumulator.m in Sources */ = {isa = PBXBuildFile; fileRef = FE593EA61D6EEB4F006401A8 /* SBJsonStreamParserAccumulator.m */; };
		FE593EBB1D6EEB4F006401A8 /* SBJsonStreamParserAdapter.m in Sources */ = {isa = PBXBuildFile; fileRef = FE593EA81D6EEB4F006401A8 /* SBJsonStreamParserAdapter.m */; };
		FE593EBC1D6EEB4F006401A8 /* SBJsonStreamParserState.m in Sources */ = {isa = PBXBuildFile; fileRef = FE593EAA1D6EEB4F006401A8 /* SBJsonStreamParserState.m */; };
		FE593EBD1D6EEB4F006401A8 /* SBJsonStreamWriter.m in Sources */ = {isa = PBXBuildFile; fileRef = FE593EAC1D6EEB4F006401A8 /* SBJsonStreamWriter.m */; };
		FE593EBE1D6EEB4F006401A8 /* SBJsonStreamWriterAccumulator.m in Sources */ = {isa = PBXBuildFile; fileRef = FE593EAE1D6EEB4F006401A8 /* SBJsonStreamWriterAccumulator.m */; };
		FE593EBF1D6EEB4F006401A8 /* SBJsonStreamWriterState.m in Sources */ = {isa = PBXBuildFile; fileRef = FE593EB01D6EEB4F006401A8 /* SBJsonStreamWriterState.m */; };
		FE593EC01D6EEB4F006401A8 /* SBJsonTokeniser.m in Sources */ = {isa = PBXBuildFile; fileRef = FE593EB21D6EEB4F006401A8 /* SBJsonTokeniser.m */; };
		FE593EC11D6EEB4F006401A8 /* SBJsonUTF8Stream.m in Sources */ = {isa = PBXBuildFile; fileRef = FE593EB41D6EEB4F006401A8 /* SBJsonUTF8Stream.m */; };
		FE593EC21D6EEB4F006401A8 /* SBJsonWriter.m in Sources */ = {isa = PBXBuildFile; fileRef = FE593EB61D6EEB4F006401A8 /* SBJsonWriter.m */; };
		FEA04D191D6DAE2400564B06 /* main.m in Sources */ = {isa = PBXBuildFile; fileRef = FEA04D181D6DAE2400564B06 /* main.m */; };
		FEA04D1C1D6DAE2400564B06 /* AppDelegate.m in Sources */ = {isa = PBXBuildFile; fileRef = FEA04D1B1D6DAE2400564B06 /* AppDelegate.m */; };
		FEA04D251D6DAE2400564B06 /* Main.storyboard in Resources */ = {isa = PBXBuildFile; fileRef = FEA04D231D6DAE2400564B06 /* Main.storyboard */; };
		FEA04D271D6DAE2400564B06 /* Assets.xcassets in Resources */ = {isa = PBXBuildFile; fileRef = FEA04D261D6DAE2400564B06 /* Assets.xcassets */; };
		FEA04D2A1D6DAE2400564B06 /* LaunchScreen.storyboard in Resources */ = {isa = PBXBuildFile; fileRef = FEA04D281D6DAE2400564B06 /* LaunchScreen.storyboard */; };
		FEA04D351D6DAE2400564B06 /* AiThinkerDemoAPPTests.m in Sources */ = {isa = PBXBuildFile; fileRef = FEA04D341D6DAE2400564B06 /* AiThinkerDemoAPPTests.m */; };
		FEA04D401D6DAE2400564B06 /* AiThinkerDemoAPPUITests.m in Sources */ = {isa = PBXBuildFile; fileRef = FEA04D3F1D6DAE2400564B06 /* AiThinkerDemoAPPUITests.m */; };
		FEA04D5A1D6DB04400564B06 /* PersonalCenterVC.m in Sources */ = {isa = PBXBuildFile; fileRef = FEA04D591D6DB04400564B06 /* PersonalCenterVC.m */; };
		FEA04D5D1D6DB0B200564B06 /* DeviceVC.m in Sources */ = {isa = PBXBuildFile; fileRef = FEA04D5C1D6DB0B200564B06 /* DeviceVC.m */; };
		FEA04D601D6DB0D400564B06 /* SenceVC.m in Sources */ = {isa = PBXBuildFile; fileRef = FEA04D5F1D6DB0D400564B06 /* SenceVC.m */; };
/* End PBXBuildFile section */

/* Begin PBXContainerItemProxy section */
		FEA04D311D6DAE2400564B06 /* PBXContainerItemProxy */ = {
			isa = PBXContainerItemProxy;
			containerPortal = FEA04D0C1D6DAE2300564B06 /* Project object */;
			proxyType = 1;
			remoteGlobalIDString = FEA04D131D6DAE2400564B06;
			remoteInfo = AiThinkerDemoAPP;
		};
		FEA04D3C1D6DAE2400564B06 /* PBXContainerItemProxy */ = {
			isa = PBXContainerItemProxy;
			containerPortal = FEA04D0C1D6DAE2300564B06 /* Project object */;
			proxyType = 1;
			remoteGlobalIDString = FEA04D131D6DAE2400564B06;
			remoteInfo = AiThinkerDemoAPP;
		};
/* End PBXContainerItemProxy section */

/* Begin PBXFileReference section */
		FE593E7F1D6E8758006401A8 /* LoginVC.h */ = {isa = PBXFileReference; fileEncoding = 4; lastKnownFileType = sourcecode.c.h; path = LoginVC.h; sourceTree = "<group>"; };
		FE593E801D6E8758006401A8 /* LoginVC.m */ = {isa = PBXFileReference; fileEncoding = 4; lastKnownFileType = sourcecode.c.objc; path = LoginVC.m; sourceTree = "<group>"; };
		FE593E881D6E9C40006401A8 /* libDevicexx.a */ = {isa = PBXFileReference; lastKnownFileType = archive.ar; path = libDevicexx.a; sourceTree = "<group>"; };
		FE593E8A1D6E9FEB006401A8 /* RegisterVC.h */ = {isa = PBXFileReference; fileEncoding = 4; lastKnownFileType = sourcecode.c.h; path = RegisterVC.h; sourceTree = "<group>"; };
		FE593E8B1D6E9FEB006401A8 /* RegisterVC.m */ = {isa = PBXFileReference; fileEncoding = 4; lastKnownFileType = sourcecode.c.objc; path = RegisterVC.m; sourceTree = "<group>"; };
		FE593E8E1D6EBF81006401A8 /* CommConfig.h */ = {isa = PBXFileReference; fileEncoding = 4; lastKnownFileType = sourcecode.c.h; path = CommConfig.h; sourceTree = "<group>"; };
		FE593E8F1D6EBF81006401A8 /* DeviceManager.h */ = {isa = PBXFileReference; fileEncoding = 4; lastKnownFileType = sourcecode.c.h; path = DeviceManager.h; sourceTree = "<group>"; };
		FE593E901D6EBF81006401A8 /* EncryptionTool.h */ = {isa = PBXFileReference; fileEncoding = 4; lastKnownFileType = sourcecode.c.h; path = EncryptionTool.h; sourceTree = "<group>"; };
		FE593E911D6EBF81006401A8 /* UserManager.h */ = {isa = PBXFileReference; fileEncoding = 4; lastKnownFileType = sourcecode.c.h; path = UserManager.h; sourceTree = "<group>"; };
		FE593E921D6EBF81006401A8 /* WiFiTouch.h */ = {isa = PBXFileReference; fileEncoding = 4; lastKnownFileType = sourcecode.c.h; path = WiFiTouch.h; sourceTree = "<group>"; };
		FE593E951D6ECE67006401A8 /* MBProgressHUD+NJ.h */ = {isa = PBXFileReference; fileEncoding = 4; lastKnownFileType = sourcecode.c.h; path = "MBProgressHUD+NJ.h"; sourceTree = "<group>"; };
		FE593E961D6ECE67006401A8 /* MBProgressHUD+NJ.m */ = {isa = PBXFileReference; fileEncoding = 4; lastKnownFileType = sourcecode.c.objc; path = "MBProgressHUD+NJ.m"; sourceTree = "<group>"; };
		FE593E971D6ECE67006401A8 /* MBProgressHUD.bundle */ = {isa = PBXFileReference; lastKnownFileType = "wrapper.plug-in"; path = MBProgressHUD.bundle; sourceTree = "<group>"; };
		FE593E981D6ECE68006401A8 /* MBProgressHUD.h */ = {isa = PBXFileReference; fileEncoding = 4; lastKnownFileType = sourcecode.c.h; path = MBProgressHUD.h; sourceTree = "<group>"; };
		FE593E991D6ECE68006401A8 /* MBProgressHUD.m */ = {isa = PBXFileReference; fileEncoding = 4; lastKnownFileType = sourcecode.c.objc; path = MBProgressHUD.m; sourceTree = "<group>"; };
		FE593E9E1D6EEB4F006401A8 /* NSObject+SBJson.h */ = {isa = PBXFileReference; fileEncoding = 4; lastKnownFileType = sourcecode.c.h; path = "NSObject+SBJson.h"; sourceTree = "<group>"; };
		FE593E9F1D6EEB4F006401A8 /* NSObject+SBJson.m */ = {isa = PBXFileReference; fileEncoding = 4; lastKnownFileType = sourcecode.c.objc; path = "NSObject+SBJson.m"; sourceTree = "<group>"; };
		FE593EA01D6EEB4F006401A8 /* SBJson.h */ = {isa = PBXFileReference; fileEncoding = 4; lastKnownFileType = sourcecode.c.h; path = SBJson.h; sourceTree = "<group>"; };
		FE593EA11D6EEB4F006401A8 /* SBJsonParser.h */ = {isa = PBXFileReference; fileEncoding = 4; lastKnownFileType = sourcecode.c.h; path = SBJsonParser.h; sourceTree = "<group>"; };
		FE593EA21D6EEB4F006401A8 /* SBJsonParser.m */ = {isa = PBXFileReference; fileEncoding = 4; lastKnownFileType = sourcecode.c.objc; path = SBJsonParser.m; sourceTree = "<group>"; };
		FE593EA31D6EEB4F006401A8 /* SBJsonStreamParser.h */ = {isa = PBXFileReference; fileEncoding = 4; lastKnownFileType = sourcecode.c.h; path = SBJsonStreamParser.h; sourceTree = "<group>"; };
		FE593EA41D6EEB4F006401A8 /* SBJsonStreamParser.m */ = {isa = PBXFileReference; fileEncoding = 4; lastKnownFileType = sourcecode.c.objc; path = SBJsonStreamParser.m; sourceTree = "<group>"; };
		FE593EA51D6EEB4F006401A8 /* SBJsonStreamParserAccumulator.h */ = {isa = PBXFileReference; fileEncoding = 4; lastKnownFileType = sourcecode.c.h; path = SBJsonStreamParserAccumulator.h; sourceTree = "<group>"; };
		FE593EA61D6EEB4F006401A8 /* SBJsonStreamParserAccumulator.m */ = {isa = PBXFileReference; fileEncoding = 4; lastKnownFileType = sourcecode.c.objc; path = SBJsonStreamParserAccumulator.m; sourceTree = "<group>"; };
		FE593EA71D6EEB4F006401A8 /* SBJsonStreamParserAdapter.h */ = {isa = PBXFileReference; fileEncoding = 4; lastKnownFileType = sourcecode.c.h; path = SBJsonStreamParserAdapter.h; sourceTree = "<group>"; };
		FE593EA81D6EEB4F006401A8 /* SBJsonStreamParserAdapter.m */ = {isa = PBXFileReference; fileEncoding = 4; lastKnownFileType = sourcecode.c.objc; path = SBJsonStreamParserAdapter.m; sourceTree = "<group>"; };
		FE593EA91D6EEB4F006401A8 /* SBJsonStreamParserState.h */ = {isa = PBXFileReference; fileEncoding = 4; lastKnownFileType = sourcecode.c.h; path = SBJsonStreamParserState.h; sourceTree = "<group>"; };
		FE593EAA1D6EEB4F006401A8 /* SBJsonStreamParserState.m */ = {isa = PBXFileReference; fileEncoding = 4; lastKnownFileType = sourcecode.c.objc; path = SBJsonStreamParserState.m; sourceTree = "<group>"; };
		FE593EAB1D6EEB4F006401A8 /* SBJsonStreamWriter.h */ = {isa = PBXFileReference; fileEncoding = 4; lastKnownFileType = sourcecode.c.h; path = SBJsonStreamWriter.h; sourceTree = "<group>"; };
		FE593EAC1D6EEB4F006401A8 /* SBJsonStreamWriter.m */ = {isa = PBXFileReference; fileEncoding = 4; lastKnownFileType = sourcecode.c.objc; path = SBJsonStreamWriter.m; sourceTree = "<group>"; };
		FE593EAD1D6EEB4F006401A8 /* SBJsonStreamWriterAccumulator.h */ = {isa = PBXFileReference; fileEncoding = 4; lastKnownFileType = sourcecode.c.h; path = SBJsonStreamWriterAccumulator.h; sourceTree = "<group>"; };
		FE593EAE1D6EEB4F006401A8 /* SBJsonStreamWriterAccumulator.m */ = {isa = PBXFileReference; fileEncoding = 4; lastKnownFileType = sourcecode.c.objc; path = SBJsonStreamWriterAccumulator.m; sourceTree = "<group>"; };
		FE593EAF1D6EEB4F006401A8 /* SBJsonStreamWriterState.h */ = {isa = PBXFileReference; fileEncoding = 4; lastKnownFileType = sourcecode.c.h; path = SBJsonStreamWriterState.h; sourceTree = "<group>"; };
		FE593EB01D6EEB4F006401A8 /* SBJsonStreamWriterState.m */ = {isa = PBXFileReference; fileEncoding = 4; lastKnownFileType = sourcecode.c.objc; path = SBJsonStreamWriterState.m; sourceTree = "<group>"; };
		FE593EB11D6EEB4F006401A8 /* SBJsonTokeniser.h */ = {isa = PBXFileReference; fileEncoding = 4; lastKnownFileType = sourcecode.c.h; path = SBJsonTokeniser.h; sourceTree = "<group>"; };
		FE593EB21D6EEB4F006401A8 /* SBJsonTokeniser.m */ = {isa = PBXFileReference; fileEncoding = 4; lastKnownFileType = sourcecode.c.objc; path = SBJsonTokeniser.m; sourceTree = "<group>"; };
		FE593EB31D6EEB4F006401A8 /* SBJsonUTF8Stream.h */ = {isa = PBXFileReference; fileEncoding = 4; lastKnownFileType = sourcecode.c.h; path = SBJsonUTF8Stream.h; sourceTree = "<group>"; };
		FE593EB41D6EEB4F006401A8 /* SBJsonUTF8Stream.m */ = {isa = PBXFileReference; fileEncoding = 4; lastKnownFileType = sourcecode.c.objc; path = SBJsonUTF8Stream.m; sourceTree = "<group>"; };
		FE593EB51D6EEB4F006401A8 /* SBJsonWriter.h */ = {isa = PBXFileReference; fileEncoding = 4; lastKnownFileType = sourcecode.c.h; path = SBJsonWriter.h; sourceTree = "<group>"; };
		FE593EB61D6EEB4F006401A8 /* SBJsonWriter.m */ = {isa = PBXFileReference; fileEncoding = 4; lastKnownFileType = sourcecode.c.objc; path = SBJsonWriter.m; sourceTree = "<group>"; };
		FEA04D141D6DAE2400564B06 /* AiThinkerDemoAPP.app */ = {isa = PBXFileReference; explicitFileType = wrapper.application; includeInIndex = 0; path = AiThinkerDemoAPP.app; sourceTree = BUILT_PRODUCTS_DIR; };
		FEA04D181D6DAE2400564B06 /* main.m */ = {isa = PBXFileReference; lastKnownFileType = sourcecode.c.objc; path = main.m; sourceTree = "<group>"; };
		FEA04D1A1D6DAE2400564B06 /* AppDelegate.h */ = {isa = PBXFileReference; lastKnownFileType = sourcecode.c.h; path = AppDelegate.h; sourceTree = "<group>"; };
		FEA04D1B1D6DAE2400564B06 /* AppDelegate.m */ = {isa = PBXFileReference; lastKnownFileType = sourcecode.c.objc; path = AppDelegate.m; sourceTree = "<group>"; };
		FEA04D241D6DAE2400564B06 /* Base */ = {isa = PBXFileReference; lastKnownFileType = file.storyboard; name = Base; path = Base.lproj/Main.storyboard; sourceTree = "<group>"; };
		FEA04D261D6DAE2400564B06 /* Assets.xcassets */ = {isa = PBXFileReference; lastKnownFileType = folder.assetcatalog; path = Assets.xcassets; sourceTree = "<group>"; };
		FEA04D291D6DAE2400564B06 /* Base */ = {isa = PBXFileReference; lastKnownFileType = file.storyboard; name = Base; path = Base.lproj/LaunchScreen.storyboard; sourceTree = "<group>"; };
		FEA04D2B1D6DAE2400564B06 /* Info.plist */ = {isa = PBXFileReference; lastKnownFileType = text.plist.xml; path = Info.plist; sourceTree = "<group>"; };
		FEA04D301D6DAE2400564B06 /* AiThinkerDemoAPPTests.xctest */ = {isa = PBXFileReference; explicitFileType = wrapper.cfbundle; includeInIndex = 0; path = AiThinkerDemoAPPTests.xctest; sourceTree = BUILT_PRODUCTS_DIR; };
		FEA04D341D6DAE2400564B06 /* AiThinkerDemoAPPTests.m */ = {isa = PBXFileReference; lastKnownFileType = sourcecode.c.objc; path = AiThinkerDemoAPPTests.m; sourceTree = "<group>"; };
		FEA04D361D6DAE2400564B06 /* Info.plist */ = {isa = PBXFileReference; lastKnownFileType = text.plist.xml; path = Info.plist; sourceTree = "<group>"; };
		FEA04D3B1D6DAE2400564B06 /* AiThinkerDemoAPPUITests.xctest */ = {isa = PBXFileReference; explicitFileType = wrapper.cfbundle; includeInIndex = 0; path = AiThinkerDemoAPPUITests.xctest; sourceTree = BUILT_PRODUCTS_DIR; };
		FEA04D3F1D6DAE2400564B06 /* AiThinkerDemoAPPUITests.m */ = {isa = PBXFileReference; lastKnownFileType = sourcecode.c.objc; path = AiThinkerDemoAPPUITests.m; sourceTree = "<group>"; };
		FEA04D411D6DAE2400564B06 /* Info.plist */ = {isa = PBXFileReference; lastKnownFileType = text.plist.xml; path = Info.plist; sourceTree = "<group>"; };
		FEA04D581D6DB04400564B06 /* PersonalCenterVC.h */ = {isa = PBXFileReference; fileEncoding = 4; lastKnownFileType = sourcecode.c.h; path = PersonalCenterVC.h; sourceTree = "<group>"; };
		FEA04D591D6DB04400564B06 /* PersonalCenterVC.m */ = {isa = PBXFileReference; fileEncoding = 4; lastKnownFileType = sourcecode.c.objc; path = PersonalCenterVC.m; sourceTree = "<group>"; };
		FEA04D5B1D6DB0B200564B06 /* DeviceVC.h */ = {isa = PBXFileReference; fileEncoding = 4; lastKnownFileType = sourcecode.c.h; path = DeviceVC.h; sourceTree = "<group>"; };
		FEA04D5C1D6DB0B200564B06 /* DeviceVC.m */ = {isa = PBXFileReference; fileEncoding = 4; lastKnownFileType = sourcecode.c.objc; path = DeviceVC.m; sourceTree = "<group>"; };
		FEA04D5E1D6DB0D400564B06 /* SenceVC.h */ = {isa = PBXFileReference; fileEncoding = 4; lastKnownFileType = sourcecode.c.h; path = SenceVC.h; sourceTree = "<group>"; };
		FEA04D5F1D6DB0D400564B06 /* SenceVC.m */ = {isa = PBXFileReference; fileEncoding = 4; lastKnownFileType = sourcecode.c.objc; path = SenceVC.m; sourceTree = "<group>"; };
/* End PBXFileReference section */

/* Begin PBXFrameworksBuildPhase section */
		FEA04D111D6DAE2400564B06 /* Frameworks */ = {
			isa = PBXFrameworksBuildPhase;
			buildActionMask = 2147483647;
			files = (
				FE593E891D6E9C40006401A8 /* libDevicexx.a in Frameworks */,
			);
			runOnlyForDeploymentPostprocessing = 0;
		};
		FEA04D2D1D6DAE2400564B06 /* Frameworks */ = {
			isa = PBXFrameworksBuildPhase;
			buildActionMask = 2147483647;
			files = (
			);
			runOnlyForDeploymentPostprocessing = 0;
		};
		FEA04D381D6DAE2400564B06 /* Frameworks */ = {
			isa = PBXFrameworksBuildPhase;
			buildActionMask = 2147483647;
			files = (
			);
			runOnlyForDeploymentPostprocessing = 0;
		};
/* End PBXFrameworksBuildPhase section */

/* Begin PBXGroup section */
		FE593E761D6E801B006401A8 /* LoginRegist */ = {
			isa = PBXGroup;
			children = (
				FE593E7F1D6E8758006401A8 /* LoginVC.h */,
				FE593E801D6E8758006401A8 /* LoginVC.m */,
				FE593E8A1D6E9FEB006401A8 /* RegisterVC.h */,
				FE593E8B1D6E9FEB006401A8 /* RegisterVC.m */,
			);
			name = LoginRegist;
			sourceTree = "<group>";
		};
		FE593E841D6E8769006401A8 /* LoginRegist */ = {
			isa = PBXGroup;
			children = (
			);
			name = LoginRegist;
			sourceTree = "<group>";
		};
		FE593E851D6E9C1C006401A8 /* LibHeaders */ = {
			isa = PBXGroup;
			children = (
				FE593E8D1D6EBF81006401A8 /* Devicexx */,
			);
			name = LibHeaders;
			sourceTree = "<group>";
		};
		FE593E8D1D6EBF81006401A8 /* Devicexx */ = {
			isa = PBXGroup;
			children = (
				FE593E8E1D6EBF81006401A8 /* CommConfig.h */,
				FE593E8F1D6EBF81006401A8 /* DeviceManager.h */,
				FE593E901D6EBF81006401A8 /* EncryptionTool.h */,
				FE593E911D6EBF81006401A8 /* UserManager.h */,
				FE593E921D6EBF81006401A8 /* WiFiTouch.h */,
			);
			path = Devicexx;
			sourceTree = "<group>";
		};
		FE593E931D6ECE2F006401A8 /* Utils */ = {
			isa = PBXGroup;
			children = (
				FE593E9D1D6EEB4F006401A8 /* SBJson */,
				FE593E941D6ECE67006401A8 /* MBProgressHUD */,
			);
			name = Utils;
			sourceTree = "<group>";
		};
		FE593E941D6ECE67006401A8 /* MBProgressHUD */ = {
			isa = PBXGroup;
			children = (
				FE593E951D6ECE67006401A8 /* MBProgressHUD+NJ.h */,
				FE593E961D6ECE67006401A8 /* MBProgressHUD+NJ.m */,
				FE593E971D6ECE67006401A8 /* MBProgressHUD.bundle */,
				FE593E981D6ECE68006401A8 /* MBProgressHUD.h */,
				FE593E991D6ECE68006401A8 /* MBProgressHUD.m */,
			);
			path = MBProgressHUD;
			sourceTree = "<group>";
		};
		FE593E9D1D6EEB4F006401A8 /* SBJson */ = {
			isa = PBXGroup;
			children = (
				FE593E9E1D6EEB4F006401A8 /* NSObject+SBJson.h */,
				FE593E9F1D6EEB4F006401A8 /* NSObject+SBJson.m */,
				FE593EA01D6EEB4F006401A8 /* SBJson.h */,
				FE593EA11D6EEB4F006401A8 /* SBJsonParser.h */,
				FE593EA21D6EEB4F006401A8 /* SBJsonParser.m */,
				FE593EA31D6EEB4F006401A8 /* SBJsonStreamParser.h */,
				FE593EA41D6EEB4F006401A8 /* SBJsonStreamParser.m */,
				FE593EA51D6EEB4F006401A8 /* SBJsonStreamParserAccumulator.h */,
				FE593EA61D6EEB4F006401A8 /* SBJsonStreamParserAccumulator.m */,
				FE593EA71D6EEB4F006401A8 /* SBJsonStreamParserAdapter.h */,
				FE593EA81D6EEB4F006401A8 /* SBJsonStreamParserAdapter.m */,
				FE593EA91D6EEB4F006401A8 /* SBJsonStreamParserState.h */,
				FE593EAA1D6EEB4F006401A8 /* SBJsonStreamParserState.m */,
				FE593EAB1D6EEB4F006401A8 /* SBJsonStreamWriter.h */,
				FE593EAC1D6EEB4F006401A8 /* SBJsonStreamWriter.m */,
				FE593EAD1D6EEB4F006401A8 /* SBJsonStreamWriterAccumulator.h */,
				FE593EAE1D6EEB4F006401A8 /* SBJsonStreamWriterAccumulator.m */,
				FE593EAF1D6EEB4F006401A8 /* SBJsonStreamWriterState.h */,
				FE593EB01D6EEB4F006401A8 /* SBJsonStreamWriterState.m */,
				FE593EB11D6EEB4F006401A8 /* SBJsonTokeniser.h */,
				FE593EB21D6EEB4F006401A8 /* SBJsonTokeniser.m */,
				FE593EB31D6EEB4F006401A8 /* SBJsonUTF8Stream.h */,
				FE593EB41D6EEB4F006401A8 /* SBJsonUTF8Stream.m */,
				FE593EB51D6EEB4F006401A8 /* SBJsonWriter.h */,
				FE593EB61D6EEB4F006401A8 /* SBJsonWriter.m */,
			);
			path = SBJson;
			sourceTree = "<group>";
		};
		FEA04D0B1D6DAE2300564B06 = {
			isa = PBXGroup;
			children = (
				FEA04D161D6DAE2400564B06 /* AiThinkerDemoAPP */,
				FEA04D331D6DAE2400564B06 /* AiThinkerDemoAPPTests */,
				FEA04D3E1D6DAE2400564B06 /* AiThinkerDemoAPPUITests */,
				FEA04D151D6DAE2400564B06 /* Products */,
			);
			sourceTree = "<group>";
		};
		FEA04D151D6DAE2400564B06 /* Products */ = {
			isa = PBXGroup;
			children = (
				FEA04D141D6DAE2400564B06 /* AiThinkerDemoAPP.app */,
				FEA04D301D6DAE2400564B06 /* AiThinkerDemoAPPTests.xctest */,
				FEA04D3B1D6DAE2400564B06 /* AiThinkerDemoAPPUITests.xctest */,
			);
			name = Products;
			sourceTree = "<group>";
		};
		FEA04D161D6DAE2400564B06 /* AiThinkerDemoAPP */ = {
			isa = PBXGroup;
			children = (
				FE593E931D6ECE2F006401A8 /* Utils */,
				FE593E851D6E9C1C006401A8 /* LibHeaders */,
				FEA04D4F1D6DAE5B00564B06 /* Controllers */,
				FEA04D4E1D6DAE5400564B06 /* Views */,
				FEA04D4D1D6DAE4C00564B06 /* Models */,
				FEA04D171D6DAE2400564B06 /* Supporting Files */,
			);
			path = AiThinkerDemoAPP;
			sourceTree = "<group>";
		};
		FEA04D171D6DAE2400564B06 /* Supporting Files */ = {
			isa = PBXGroup;
			children = (
				FE593E881D6E9C40006401A8 /* libDevicexx.a */,
				FEA04D261D6DAE2400564B06 /* Assets.xcassets */,
				FEA04D2B1D6DAE2400564B06 /* Info.plist */,
				FEA04D1A1D6DAE2400564B06 /* AppDelegate.h */,
				FEA04D1B1D6DAE2400564B06 /* AppDelegate.m */,
				FEA04D181D6DAE2400564B06 /* main.m */,
			);
			name = "Supporting Files";
			sourceTree = "<group>";
		};
		FEA04D331D6DAE2400564B06 /* AiThinkerDemoAPPTests */ = {
			isa = PBXGroup;
			children = (
				FEA04D341D6DAE2400564B06 /* AiThinkerDemoAPPTests.m */,
				FEA04D361D6DAE2400564B06 /* Info.plist */,
			);
			path = AiThinkerDemoAPPTests;
			sourceTree = "<group>";
		};
		FEA04D3E1D6DAE2400564B06 /* AiThinkerDemoAPPUITests */ = {
			isa = PBXGroup;
			children = (
				FEA04D3F1D6DAE2400564B06 /* AiThinkerDemoAPPUITests.m */,
				FEA04D411D6DAE2400564B06 /* Info.plist */,
			);
			path = AiThinkerDemoAPPUITests;
			sourceTree = "<group>";
		};
		FEA04D4D1D6DAE4C00564B06 /* Models */ = {
			isa = PBXGroup;
			children = (
			);
			name = Models;
			sourceTree = "<group>";
		};
		FEA04D4E1D6DAE5400564B06 /* Views */ = {
			isa = PBXGroup;
			children = (
				FE593E841D6E8769006401A8 /* LoginRegist */,
				FEA04D571D6DAF4100564B06 /* PersonalCenter */,
				FEA04D561D6DAF3100564B06 /* Scene */,
				FEA04D551D6DAF2000564B06 /* Device */,
				FEA04D541D6DAF1800564B06 /* Main */,
				FEA04D281D6DAE2400564B06 /* LaunchScreen.storyboard */,
			);
			name = Views;
			sourceTree = "<group>";
		};
		FEA04D4F1D6DAE5B00564B06 /* Controllers */ = {
			isa = PBXGroup;
			children = (
				FE593E761D6E801B006401A8 /* LoginRegist */,
				FEA04D531D6DAF0100564B06 /* Main */,
				FEA04D521D6DAEF500564B06 /* Scene */,
				FEA04D511D6DAEE600564B06 /* Device */,
				FEA04D501D6DAEC100564B06 /* PersonalCenter */,
			);
			name = Controllers;
			sourceTree = "<group>";
		};
		FEA04D501D6DAEC100564B06 /* PersonalCenter */ = {
			isa = PBXGroup;
			children = (
			);
			name = PersonalCenter;
			sourceTree = "<group>";
		};
		FEA04D511D6DAEE600564B06 /* Device */ = {
			isa = PBXGroup;
			children = (
			);
			name = Device;
			sourceTree = "<group>";
		};
		FEA04D521D6DAEF500564B06 /* Scene */ = {
			isa = PBXGroup;
			children = (
			);
			name = Scene;
			sourceTree = "<group>";
		};
		FEA04D531D6DAF0100564B06 /* Main */ = {
			isa = PBXGroup;
			children = (
				FEA04D581D6DB04400564B06 /* PersonalCenterVC.h */,
				FEA04D591D6DB04400564B06 /* PersonalCenterVC.m */,
				FEA04D5B1D6DB0B200564B06 /* DeviceVC.h */,
				FEA04D5C1D6DB0B200564B06 /* DeviceVC.m */,
				FEA04D5E1D6DB0D400564B06 /* SenceVC.h */,
				FEA04D5F1D6DB0D400564B06 /* SenceVC.m */,
			);
			name = Main;
			sourceTree = "<group>";
		};
		FEA04D541D6DAF1800564B06 /* Main */ = {
			isa = PBXGroup;
			children = (
				FEA04D231D6DAE2400564B06 /* Main.storyboard */,
			);
			name = Main;
			sourceTree = "<group>";
		};
		FEA04D551D6DAF2000564B06 /* Device */ = {
			isa = PBXGroup;
			children = (
			);
			name = Device;
			sourceTree = "<group>";
		};
		FEA04D561D6DAF3100564B06 /* Scene */ = {
			isa = PBXGroup;
			children = (
			);
			name = Scene;
			sourceTree = "<group>";
		};
		FEA04D571D6DAF4100564B06 /* PersonalCenter */ = {
			isa = PBXGroup;
			children = (
			);
			name = PersonalCenter;
			sourceTree = "<group>";
		};
/* End PBXGroup section */

/* Begin PBXNativeTarget section */
		FEA04D131D6DAE2400564B06 /* AiThinkerDemoAPP */ = {
			isa = PBXNativeTarget;
			buildConfigurationList = FEA04D441D6DAE2400564B06 /* Build configuration list for PBXNativeTarget "AiThinkerDemoAPP" */;
			buildPhases = (
				FEA04D101D6DAE2400564B06 /* Sources */,
				FEA04D111D6DAE2400564B06 /* Frameworks */,
				FEA04D121D6DAE2400564B06 /* Resources */,
			);
			buildRules = (
			);
			dependencies = (
			);
			name = AiThinkerDemoAPP;
			productName = AiThinkerDemoAPP;
			productReference = FEA04D141D6DAE2400564B06 /* AiThinkerDemoAPP.app */;
			productType = "com.apple.product-type.application";
		};
		FEA04D2F1D6DAE2400564B06 /* AiThinkerDemoAPPTests */ = {
			isa = PBXNativeTarget;
			buildConfigurationList = FEA04D471D6DAE2400564B06 /* Build configuration list for PBXNativeTarget "AiThinkerDemoAPPTests" */;
			buildPhases = (
				FEA04D2C1D6DAE2400564B06 /* Sources */,
				FEA04D2D1D6DAE2400564B06 /* Frameworks */,
				FEA04D2E1D6DAE2400564B06 /* Resources */,
			);
			buildRules = (
			);
			dependencies = (
				FEA04D321D6DAE2400564B06 /* PBXTargetDependency */,
			);
			name = AiThinkerDemoAPPTests;
			productName = AiThinkerDemoAPPTests;
			productReference = FEA04D301D6DAE2400564B06 /* AiThinkerDemoAPPTests.xctest */;
			productType = "com.apple.product-type.bundle.unit-test";
		};
		FEA04D3A1D6DAE2400564B06 /* AiThinkerDemoAPPUITests */ = {
			isa = PBXNativeTarget;
			buildConfigurationList = FEA04D4A1D6DAE2400564B06 /* Build configuration list for PBXNativeTarget "AiThinkerDemoAPPUITests" */;
			buildPhases = (
				FEA04D371D6DAE2400564B06 /* Sources */,
				FEA04D381D6DAE2400564B06 /* Frameworks */,
				FEA04D391D6DAE2400564B06 /* Resources */,
			);
			buildRules = (
			);
			dependencies = (
				FEA04D3D1D6DAE2400564B06 /* PBXTargetDependency */,
			);
			name = AiThinkerDemoAPPUITests;
			productName = AiThinkerDemoAPPUITests;
			productReference = FEA04D3B1D6DAE2400564B06 /* AiThinkerDemoAPPUITests.xctest */;
			productType = "com.apple.product-type.bundle.ui-testing";
		};
/* End PBXNativeTarget section */

/* Begin PBXProject section */
		FEA04D0C1D6DAE2300564B06 /* Project object */ = {
			isa = PBXProject;
			attributes = {
				LastUpgradeCheck = 0730;
				ORGANIZATIONNAME = Anter;
				TargetAttributes = {
					FEA04D131D6DAE2400564B06 = {
						CreatedOnToolsVersion = 7.3;
						DevelopmentTeam = DGETEC3648;
					};
					FEA04D2F1D6DAE2400564B06 = {
						CreatedOnToolsVersion = 7.3;
						TestTargetID = FEA04D131D6DAE2400564B06;
					};
					FEA04D3A1D6DAE2400564B06 = {
						CreatedOnToolsVersion = 7.3;
						TestTargetID = FEA04D131D6DAE2400564B06;
					};
				};
			};
			buildConfigurationList = FEA04D0F1D6DAE2400564B06 /* Build configuration list for PBXProject "AiThinkerDemoAPP" */;
			compatibilityVersion = "Xcode 3.2";
			developmentRegion = English;
			hasScannedForEncodings = 0;
			knownRegions = (
				en,
				Base,
			);
			mainGroup = FEA04D0B1D6DAE2300564B06;
			productRefGroup = FEA04D151D6DAE2400564B06 /* Products */;
			projectDirPath = "";
			projectRoot = "";
			targets = (
				FEA04D131D6DAE2400564B06 /* AiThinkerDemoAPP */,
				FEA04D2F1D6DAE2400564B06 /* AiThinkerDemoAPPTests */,
				FEA04D3A1D6DAE2400564B06 /* AiThinkerDemoAPPUITests */,
			);
		};
/* End PBXProject section */

/* Begin PBXResourcesBuildPhase section */
		FEA04D121D6DAE2400564B06 /* Resources */ = {
			isa = PBXResourcesBuildPhase;
			buildActionMask = 2147483647;
			files = (
				FEA04D2A1D6DAE2400564B06 /* LaunchScreen.storyboard in Resources */,
				FE593E9B1D6ECE68006401A8 /* MBProgressHUD.bundle in Resources */,
				FEA04D271D6DAE2400564B06 /* Assets.xcassets in Resources */,
				FEA04D251D6DAE2400564B06 /* Main.storyboard in Resources */,
			);
			runOnlyForDeploymentPostprocessing = 0;
		};
		FEA04D2E1D6DAE2400564B06 /* Resources */ = {
			isa = PBXResourcesBuildPhase;
			buildActionMask = 2147483647;
			files = (
			);
			runOnlyForDeploymentPostprocessing = 0;
		};
		FEA04D391D6DAE2400564B06 /* Resources */ = {
			isa = PBXResourcesBuildPhase;
			buildActionMask = 2147483647;
			files = (
			);
			runOnlyForDeploymentPostprocessing = 0;
		};
/* End PBXResourcesBuildPhase section */

/* Begin PBXSourcesBuildPhase section */
		FEA04D101D6DAE2400564B06 /* Sources */ = {
			isa = PBXSourcesBuildPhase;
			buildActionMask = 2147483647;
			files = (
				FEA04D1C1D6DAE2400564B06 /* AppDelegate.m in Sources */,
				FE593EBE1D6EEB4F006401A8 /* SBJsonStreamWriterAccumulator.m in Sources */,
				FE593EBB1D6EEB4F006401A8 /* SBJsonStreamParserAdapter.m in Sources */,
				FE593EC11D6EEB4F006401A8 /* SBJsonUTF8Stream.m in Sources */,
				FEA04D5A1D6DB04400564B06 /* PersonalCenterVC.m in Sources */,
				FE593EBC1D6EEB4F006401A8 /* SBJsonStreamParserState.m in Sources */,
				FE593E8C1D6E9FEB006401A8 /* RegisterVC.m in Sources */,
				FE593EC21D6EEB4F006401A8 /* SBJsonWriter.m in Sources */,
				FE593EB91D6EEB4F006401A8 /* SBJsonStreamParser.m in Sources */,
				FE593E821D6E8758006401A8 /* LoginVC.m in Sources */,
				FE593EBD1D6EEB4F006401A8 /* SBJsonStreamWriter.m in Sources */,
				FE593EBF1D6EEB4F006401A8 /* SBJsonStreamWriterState.m in Sources */,
				FE593EB81D6EEB4F006401A8 /* SBJsonParser.m in Sources */,
				FE593EC01D6EEB4F006401A8 /* SBJsonTokeniser.m in Sources */,
				FE593E9C1D6ECE68006401A8 /* MBProgressHUD.m in Sources */,
				FEA04D5D1D6DB0B200564B06 /* DeviceVC.m in Sources */,
				FE593E9A1D6ECE68006401A8 /* MBProgressHUD+NJ.m in Sources */,
				FEA04D601D6DB0D400564B06 /* SenceVC.m in Sources */,
				FE593EBA1D6EEB4F006401A8 /* SBJsonStreamParserAccumulator.m in Sources */,
				FE593EB71D6EEB4F006401A8 /* NSObject+SBJson.m in Sources */,
				FEA04D191D6DAE2400564B06 /* main.m in Sources */,
			);
			runOnlyForDeploymentPostprocessing = 0;
		};
		FEA04D2C1D6DAE2400564B06 /* Sources */ = {
			isa = PBXSourcesBuildPhase;
			buildActionMask = 2147483647;
			files = (
				FEA04D351D6DAE2400564B06 /* AiThinkerDemoAPPTests.m in Sources */,
			);
			runOnlyForDeploymentPostprocessing = 0;
		};
		FEA04D371D6DAE2400564B06 /* Sources */ = {
			isa = PBXSourcesBuildPhase;
			buildActionMask = 2147483647;
			files = (
				FEA04D401D6DAE2400564B06 /* AiThinkerDemoAPPUITests.m in Sources */,
			);
			runOnlyForDeploymentPostprocessing = 0;
		};
/* End PBXSourcesBuildPhase section */

/* Begin PBXTargetDependency section */
		FEA04D321D6DAE2400564B06 /* PBXTargetDependency */ = {
			isa = PBXTargetDependency;
			target = FEA04D131D6DAE2400564B06 /* AiThinkerDemoAPP */;
			targetProxy = FEA04D311D6DAE2400564B06 /* PBXContainerItemProxy */;
		};
		FEA04D3D1D6DAE2400564B06 /* PBXTargetDependency */ = {
			isa = PBXTargetDependency;
			target = FEA04D131D6DAE2400564B06 /* AiThinkerDemoAPP */;
			targetProxy = FEA04D3C1D6DAE2400564B06 /* PBXContainerItemProxy */;
		};
/* End PBXTargetDependency section */

/* Begin PBXVariantGroup section */
		FEA04D231D6DAE2400564B06 /* Main.storyboard */ = {
			isa = PBXVariantGroup;
			children = (
				FEA04D241D6DAE2400564B06 /* Base */,
			);
			name = Main.storyboard;
			sourceTree = "<group>";
		};
		FEA04D281D6DAE2400564B06 /* LaunchScreen.storyboard */ = {
			isa = PBXVariantGroup;
			children = (
				FEA04D291D6DAE2400564B06 /* Base */,
			);
			name = LaunchScreen.storyboard;
			sourceTree = "<group>";
		};
/* End PBXVariantGroup section */

/* Begin XCBuildConfiguration section */
		FEA04D421D6DAE2400564B06 /* Debug */ = {
			isa = XCBuildConfiguration;
			buildSettings = {
				ALWAYS_SEARCH_USER_PATHS = NO;
				CLANG_CXX_LANGUAGE_STANDARD = "gnu++0x";
				CLANG_CXX_LIBRARY = "libc++";
				CLANG_ENABLE_MODULES = YES;
				CLANG_ENABLE_OBJC_ARC = YES;
				CLANG_WARN_BOOL_CONVERSION = YES;
				CLANG_WARN_CONSTANT_CONVERSION = YES;
				CLANG_WARN_DIRECT_OBJC_ISA_USAGE = YES_ERROR;
				CLANG_WARN_EMPTY_BODY = YES;
				CLANG_WARN_ENUM_CONVERSION = YES;
				CLANG_WARN_INT_CONVERSION = YES;
				CLANG_WARN_OBJC_ROOT_CLASS = YES_ERROR;
				CLANG_WARN_UNREACHABLE_CODE = YES;
				CLANG_WARN__DUPLICATE_METHOD_MATCH = YES;
				"CODE_SIGN_IDENTITY[sdk=iphoneos*]" = "iPhone Developer";
				COPY_PHASE_STRIP = NO;
				DEBUG_INFORMATION_FORMAT = dwarf;
				ENABLE_STRICT_OBJC_MSGSEND = YES;
				ENABLE_TESTABILITY = YES;
				GCC_C_LANGUAGE_STANDARD = gnu99;
				GCC_DYNAMIC_NO_PIC = NO;
				GCC_NO_COMMON_BLOCKS = YES;
				GCC_OPTIMIZATION_LEVEL = 0;
				GCC_PREPROCESSOR_DEFINITIONS = (
					"DEBUG=1",
					"$(inherited)",
				);
				GCC_WARN_64_TO_32_BIT_CONVERSION = YES;
				GCC_WARN_ABOUT_RETURN_TYPE = YES_ERROR;
				GCC_WARN_UNDECLARED_SELECTOR = YES;
				GCC_WARN_UNINITIALIZED_AUTOS = YES_AGGRESSIVE;
				GCC_WARN_UNUSED_FUNCTION = YES;
				GCC_WARN_UNUSED_VARIABLE = YES;
				IPHONEOS_DEPLOYMENT_TARGET = 9.3;
				MTL_ENABLE_DEBUG_INFO = YES;
				ONLY_ACTIVE_ARCH = YES;
				OTHER_LDFLAGS = "-all_load";
				SDKROOT = iphoneos;
			};
			name = Debug;
		};
		FEA04D431D6DAE2400564B06 /* Release */ = {
			isa = XCBuildConfiguration;
			buildSettings = {
				ALWAYS_SEARCH_USER_PATHS = NO;
				CLANG_CXX_LANGUAGE_STANDARD = "gnu++0x";
				CLANG_CXX_LIBRARY = "libc++";
				CLANG_ENABLE_MODULES = YES;
				CLANG_ENABLE_OBJC_ARC = YES;
				CLANG_WARN_BOOL_CONVERSION = YES;
				CLANG_WARN_CONSTANT_CONVERSION = YES;
				CLANG_WARN_DIRECT_OBJC_ISA_USAGE = YES_ERROR;
				CLANG_WARN_EMPTY_BODY = YES;
				CLANG_WARN_ENUM_CONVERSION = YES;
				CLANG_WARN_INT_CONVERSION = YES;
				CLANG_WARN_OBJC_ROOT_CLASS = YES_ERROR;
				CLANG_WARN_UNREACHABLE_CODE = YES;
				CLANG_WARN__DUPLICATE_METHOD_MATCH = YES;
				"CODE_SIGN_IDENTITY[sdk=iphoneos*]" = "iPhone Developer";
				COPY_PHASE_STRIP = NO;
				DEBUG_INFORMATION_FORMAT = "dwarf-with-dsym";
				ENABLE_NS_ASSERTIONS = NO;
				ENABLE_STRICT_OBJC_MSGSEND = YES;
				GCC_C_LANGUAGE_STANDARD = gnu99;
				GCC_NO_COMMON_BLOCKS = YES;
				GCC_WARN_64_TO_32_BIT_CONVERSION = YES;
				GCC_WARN_ABOUT_RETURN_TYPE = YES_ERROR;
				GCC_WARN_UNDECLARED_SELECTOR = YES;
				GCC_WARN_UNINITIALIZED_AUTOS = YES_AGGRESSIVE;
				GCC_WARN_UNUSED_FUNCTION = YES;
				GCC_WARN_UNUSED_VARIABLE = YES;
				IPHONEOS_DEPLOYMENT_TARGET = 9.3;
				MTL_ENABLE_DEBUG_INFO = NO;
				OTHER_LDFLAGS = "-all_load";
				SDKROOT = iphoneos;
				VALIDATE_PRODUCT = YES;
			};
			name = Release;
		};
		FEA04D451D6DAE2400564B06 /* Debug */ = {
			isa = XCBuildConfiguration;
			buildSettings = {
				ALWAYS_SEARCH_USER_PATHS = NO;
				ASSETCATALOG_COMPILER_APPICON_NAME = AppIcon;
				CODE_SIGN_IDENTITY = "iPhone Developer";
				"CODE_SIGN_IDENTITY[sdk=iphoneos*]" = "iPhone Developer";
				FRAMEWORK_SEARCH_PATHS = "$(PROJECT_DIR)/AiThinkerDemoAPP";
				HEADER_SEARCH_PATHS = "$(PROJECT_DIR)/AiThinkerDemoAPP/LibHeaders/Devicexx";
				INFOPLIST_FILE = AiThinkerDemoAPP/Info.plist;
				LD_RUNPATH_SEARCH_PATHS = "$(inherited) @executable_path/Frameworks";
				LIBRARY_SEARCH_PATHS = (
					"$(inherited)",
					"$(PROJECT_DIR)/AiThinkerDemoAPP",
				);
				OTHER_LDFLAGS = "-all_load";
				PRODUCT_BUNDLE_IDENTIFIER = aithinker.com.AiThinkerDemoAPP;
				PRODUCT_NAME = "$(TARGET_NAME)";
				PROVISIONING_PROFILE = "";
			};
			name = Debug;
		};
		FEA04D461D6DAE2400564B06 /* Release */ = {
			isa = XCBuildConfiguration;
			buildSettings = {
				ALWAYS_SEARCH_USER_PATHS = NO;
				ASSETCATALOG_COMPILER_APPICON_NAME = AppIcon;
				CODE_SIGN_IDENTITY = "iPhone Developer";
				"CODE_SIGN_IDENTITY[sdk=iphoneos*]" = "iPhone Developer";
				FRAMEWORK_SEARCH_PATHS = "$(PROJECT_DIR)/AiThinkerDemoAPP";
				HEADER_SEARCH_PATHS = "$(PROJECT_DIR)/AiThinkerDemoAPP/LibHeaders/Devicexx";
				INFOPLIST_FILE = AiThinkerDemoAPP/Info.plist;
				LD_RUNPATH_SEARCH_PATHS = "$(inherited) @executable_path/Frameworks";
				LIBRARY_SEARCH_PATHS = (
					"$(inherited)",
					"$(PROJECT_DIR)/AiThinkerDemoAPP",
				);
				OTHER_LDFLAGS = "-all_load";
				PRODUCT_BUNDLE_IDENTIFIER = aithinker.com.AiThinkerDemoAPP;
				PRODUCT_NAME = "$(TARGET_NAME)";
				PROVISIONING_PROFILE = "";
			};
			name = Release;
		};
		FEA04D481D6DAE2400564B06 /* Debug */ = {
			isa = XCBuildConfiguration;
			buildSettings = {
				BUNDLE_LOADER = "$(TEST_HOST)";
				INFOPLIST_FILE = AiThinkerDemoAPPTests/Info.plist;
				LD_RUNPATH_SEARCH_PATHS = "$(inherited) @executable_path/Frameworks @loader_path/Frameworks";
				PRODUCT_BUNDLE_IDENTIFIER = aithinker.com.AiThinkerDemoAPPTests;
				PRODUCT_NAME = "$(TARGET_NAME)";
				TEST_HOST = "$(BUILT_PRODUCTS_DIR)/AiThinkerDemoAPP.app/AiThinkerDemoAPP";
			};
			name = Debug;
		};
		FEA04D491D6DAE2400564B06 /* Release */ = {
			isa = XCBuildConfiguration;
			buildSettings = {
				BUNDLE_LOADER = "$(TEST_HOST)";
				INFOPLIST_FILE = AiThinkerDemoAPPTests/Info.plist;
				LD_RUNPATH_SEARCH_PATHS = "$(inherited) @executable_path/Frameworks @loader_path/Frameworks";
				PRODUCT_BUNDLE_IDENTIFIER = aithinker.com.AiThinkerDemoAPPTests;
				PRODUCT_NAME = "$(TARGET_NAME)";
				TEST_HOST = "$(BUILT_PRODUCTS_DIR)/AiThinkerDemoAPP.app/AiThinkerDemoAPP";
			};
			name = Release;
		};
		FEA04D4B1D6DAE2400564B06 /* Debug */ = {
			isa = XCBuildConfiguration;
			buildSettings = {
				INFOPLIST_FILE = AiThinkerDemoAPPUITests/Info.plist;
				LD_RUNPATH_SEARCH_PATHS = "$(inherited) @executable_path/Frameworks @loader_path/Frameworks";
				PRODUCT_BUNDLE_IDENTIFIER = aithinker.com.AiThinkerDemoAPPUITests;
				PRODUCT_NAME = "$(TARGET_NAME)";
				TEST_TARGET_NAME = AiThinkerDemoAPP;
			};
			name = Debug;
		};
		FEA04D4C1D6DAE2400564B06 /* Release */ = {
			isa = XCBuildConfiguration;
			buildSettings = {
				INFOPLIST_FILE = AiThinkerDemoAPPUITests/Info.plist;
				LD_RUNPATH_SEARCH_PATHS = "$(inherited) @executable_path/Frameworks @loader_path/Frameworks";
				PRODUCT_BUNDLE_IDENTIFIER = aithinker.com.AiThinkerDemoAPPUITests;
				PRODUCT_NAME = "$(TARGET_NAME)";
				TEST_TARGET_NAME = AiThinkerDemoAPP;
			};
			name = Release;
		};
/* End XCBuildConfiguration section */

/* Begin XCConfigurationList section */
		FEA04D0F1D6DAE2400564B06 /* Build configuration list for PBXProject "AiThinkerDemoAPP" */ = {
			isa = XCConfigurationList;
			buildConfigurations = (
				FEA04D421D6DAE2400564B06 /* Debug */,
				FEA04D431D6DAE2400564B06 /* Release */,
			);
			defaultConfigurationIsVisible = 0;
			defaultConfigurationName = Release;
		};
		FEA04D441D6DAE2400564B06 /* Build configuration list for PBXNativeTarget "AiThinkerDemoAPP" */ = {
			isa = XCConfigurationList;
			buildConfigurations = (
				FEA04D451D6DAE2400564B06 /* Debug */,
				FEA04D461D6DAE2400564B06 /* Release */,
			);
			defaultConfigurationIsVisible = 0;
			defaultConfigurationName = Release;
		};
		FEA04D471D6DAE2400564B06 /* Build configuration list for PBXNativeTarget "AiThinkerDemoAPPTests" */ = {
			isa = XCConfigurationList;
			buildConfigurations = (
				FEA04D481D6DAE2400564B06 /* Debug */,
				FEA04D491D6DAE2400564B06 /* Release */,
			);
			defaultConfigurationIsVisible = 0;
			defaultConfigurationName = Release;
		};
		FEA04D4A1D6DAE2400564B06 /* Build configuration list for PBXNativeTarget "AiThinkerDemoAPPUITests" */ = {
			isa = XCConfigurationList;
			buildConfigurations = (
				FEA04D4B1D6DAE2400564B06 /* Debug */,
				FEA04D4C1D6DAE2400564B06 /* Release */,
			);
			defaultConfigurationIsVisible = 0;
			defaultConfigurationName = Release;
		};
/* End XCConfigurationList section */
	};
	rootObject = FEA04D0C1D6DAE2300564B06 /* Project object */;
}
